<?xml version="1.0" encoding="utf-8"?>
<Project ToolsVersion="4.0" xmlns="http://schemas.microsoft.com/developer/msbuild/2003">
  <ItemGroup>
    <Filter Include="98.Headers">
      <UniqueIdentifier>{445f6dce-e434-41e7-bdf8-cc2e5fe8c697}</UniqueIdentifier>
    </Filter>
    <Filter Include="97.Manager">
      <UniqueIdentifier>{90c691f6-05fe-4bf9-bb74-5f98185bf881}</UniqueIdentifier>
    </Filter>
    <Filter Include="97.Manager\AbstractFactory">
      <UniqueIdentifier>{86e45031-c341-4a16-9de8-3261cb112e23}</UniqueIdentifier>
    </Filter>
    <Filter Include="97.Manager\Camera">
      <UniqueIdentifier>{d4334877-8bd4-4c2a-bbe9-edb2afb0e77e}</UniqueIdentifier>
    </Filter>
    <Filter Include="97.Manager\Collision">
      <UniqueIdentifier>{9b2136a5-fe86-4c10-b9d8-12a08e0ac1d0}</UniqueIdentifier>
    </Filter>
    <Filter Include="97.Manager\File">
      <UniqueIdentifier>{8c83fa71-0d6b-4351-895a-6ee40d0fdcec}</UniqueIdentifier>
    </Filter>
    <Filter Include="97.Manager\Frame">
      <UniqueIdentifier>{d26a8344-0ac0-463b-beb6-aa2b9af54542}</UniqueIdentifier>
    </Filter>
    <Filter Include="97.Manager\Gdi">
      <UniqueIdentifier>{416c277d-bfda-452e-b9e2-a97c38807b11}</UniqueIdentifier>
    </Filter>
    <Filter Include="97.Manager\Key">
      <UniqueIdentifier>{252b9af4-2b69-4888-bc11-1ec846ebe1db}</UniqueIdentifier>
    </Filter>
    <Filter Include="97.Manager\Object">
      <UniqueIdentifier>{e1b813db-0e73-4477-9a94-8ecacaa4a504}</UniqueIdentifier>
    </Filter>
    <Filter Include="97.Manager\Scene">
      <UniqueIdentifier>{39bf7208-4e1d-4b56-bd47-33b00e251ac9}</UniqueIdentifier>
    </Filter>
    <Filter Include="97.Manager\Timer">
      <UniqueIdentifier>{f18caafc-4e46-48e8-8b9e-5146a9a39d0f}</UniqueIdentifier>
    </Filter>
    <Filter Include="00.System">
      <UniqueIdentifier>{ea98cbd5-b4cb-4ef0-8bd7-acb18c3c947f}</UniqueIdentifier>
    </Filter>
    <Filter Include="02.GameObejct">
      <UniqueIdentifier>{52058431-32eb-4092-8981-04f9b3b88037}</UniqueIdentifier>
    </Filter>
    <Filter Include="03.Scene">
      <UniqueIdentifier>{bdbce056-c50d-49ae-9046-98a166dc1c88}</UniqueIdentifier>
    </Filter>
    <Filter Include="01.Maingame">
      <UniqueIdentifier>{abef207b-5dd9-4a51-bcd4-a4ba4bdb09d8}</UniqueIdentifier>
    </Filter>
    <Filter Include="97.Manager\GdiPlus">
      <UniqueIdentifier>{b532cfd1-75da-4170-88b0-20b336f355eb}</UniqueIdentifier>
    </Filter>
    <Filter Include="02.GameObejct\Player">
      <UniqueIdentifier>{d68eead6-8da3-4c0b-ae09-f468abb878b1}</UniqueIdentifier>
    </Filter>
    <Filter Include="02.GameObejct\Monster">
      <UniqueIdentifier>{9e62ff0c-79af-48db-add1-e97ce453a2fb}</UniqueIdentifier>
    </Filter>
    <Filter Include="02.GameObejct\Effect">
      <UniqueIdentifier>{b6e9a0aa-9e65-4a98-a423-677324910f2a}</UniqueIdentifier>
    </Filter>
    <Filter Include="02.GameObejct\Background">
      <UniqueIdentifier>{6289b5a8-8e7c-4aa8-aef6-f0b5495d241a}</UniqueIdentifier>
    </Filter>
    <Filter Include="02.GameObejct\UI">
      <UniqueIdentifier>{2062e624-de3f-4f86-9de6-b68e01696d93}</UniqueIdentifier>
    </Filter>
    <Filter Include="02.GameObejct\State">
      <UniqueIdentifier>{79b30091-07f8-4b57-83a7-9368ed50b3b5}</UniqueIdentifier>
    </Filter>
    <Filter Include="02.GameObejct\Player\Bottom">
      <UniqueIdentifier>{939172e5-a946-4171-b65c-5d5ac38ec13d}</UniqueIdentifier>
    </Filter>
    <Filter Include="02.GameObejct\Player\Top">
      <UniqueIdentifier>{ab079501-0712-4fd7-b727-38905550321c}</UniqueIdentifier>
    </Filter>
    <Filter Include="02.GameObejct\Player\Bottom\State">
      <UniqueIdentifier>{d94ab8d0-f406-4df4-8153-ad5905797144}</UniqueIdentifier>
    </Filter>
    <Filter Include="02.GameObejct\Player\Top\State">
      <UniqueIdentifier>{1bac8515-3acd-4bc0-911b-faede0aabe49}</UniqueIdentifier>
    </Filter>
    <Filter Include="02.GameObejct\Player\Top\State\Attack">
      <UniqueIdentifier>{5262f21b-b5ef-45b7-8dc8-b59025c54911}</UniqueIdentifier>
    </Filter>
    <Filter Include="02.GameObejct\Player\Top\State\Movement">
      <UniqueIdentifier>{5ef5c3b5-2537-4585-8eac-b7ec02ad2846}</UniqueIdentifier>
    </Filter>
    <Filter Include="02.GameObejct\Player\Top\State\Movement\Down">
      <UniqueIdentifier>{82e89200-8b18-42cc-9807-961280adfcbf}</UniqueIdentifier>
    </Filter>
    <Filter Include="02.GameObejct\Player\Top\State\Movement\Down\DownMove">
      <UniqueIdentifier>{95056063-1119-4dfe-b142-48c1c7e92f7d}</UniqueIdentifier>
    </Filter>
    <Filter Include="02.GameObejct\Player\Top\State\Movement\Jump">
      <UniqueIdentifier>{6f2c4ffa-009f-40bf-80d2-d65fd55f762f}</UniqueIdentifier>
    </Filter>
    <Filter Include="02.GameObejct\Player\Top\State\Movement\Jump\Run">
      <UniqueIdentifier>{d66ed6de-81dc-4ebd-9731-8e60d7975f47}</UniqueIdentifier>
    </Filter>
    <Filter Include="02.GameObejct\Player\Top\State\Movement\Run">
      <UniqueIdentifier>{d1f3ab2a-2214-4919-a163-311df3368815}</UniqueIdentifier>
    </Filter>
    <Filter Include="02.GameObejct\Player\Top\State\Movement\Under">
      <UniqueIdentifier>{faf5dda7-8c97-4fad-a24e-5beaede3d387}</UniqueIdentifier>
    </Filter>
    <Filter Include="02.GameObejct\Player\Top\State\Movement\Up">
      <UniqueIdentifier>{4f7dc2fc-6142-4045-b167-53eabff43701}</UniqueIdentifier>
    </Filter>
    <Filter Include="02.GameObejct\Player\Bottom\State\Down">
      <UniqueIdentifier>{2e33f77d-74a5-4241-9427-bc7bb0811f3a}</UniqueIdentifier>
    </Filter>
    <Filter Include="02.GameObejct\Player\Bottom\State\Down\Move">
      <UniqueIdentifier>{fdb5e985-c752-4cb2-a89b-4fa22ecd57ba}</UniqueIdentifier>
    </Filter>
    <Filter Include="02.GameObejct\Player\Bottom\State\Jump">
      <UniqueIdentifier>{def7f319-259b-497c-a778-77b3964e9649}</UniqueIdentifier>
    </Filter>
    <Filter Include="02.GameObejct\Player\Bottom\State\Run">
      <UniqueIdentifier>{13009ccc-3f0a-4c74-948b-983263b13a39}</UniqueIdentifier>
    </Filter>
    <Filter Include="02.GameObejct\Player\Bottom\State\Jump\Run">
      <UniqueIdentifier>{9acac234-ff67-4dff-b6a3-3cb8b400323e}</UniqueIdentifier>
    </Filter>
    <Filter Include="02.GameObejct\Player\Top\State\Attack\Knife">
      <UniqueIdentifier>{55555c8d-18c2-4b36-a206-f801684d97ce}</UniqueIdentifier>
    </Filter>
    <Filter Include="02.GameObejct\Bullet">
      <UniqueIdentifier>{84f66ac9-a349-4e9d-a368-c93e662aa99b}</UniqueIdentifier>
    </Filter>
    <Filter Include="02.GameObejct\Bullet\Pistol">
      <UniqueIdentifier>{e0303020-5343-433f-b343-47e835907f97}</UniqueIdentifier>
    </Filter>
    <Filter Include="02.GameObejct\Effect\Pistol">
      <UniqueIdentifier>{26350c79-bbc3-405d-854c-40eed3bc3412}</UniqueIdentifier>
    </Filter>
    <Filter Include="02.GameObejct\Player\Top\State\Attack\Gun">
      <UniqueIdentifier>{2c4f88dd-8cba-46c3-a33d-11c7ace654c7}</UniqueIdentifier>
    </Filter>
    <Filter Include="02.GameObejct\Bullet\Machinegun">
      <UniqueIdentifier>{53f62d16-8a6a-4038-90c3-8c9a00c6c07b}</UniqueIdentifier>
    </Filter>
    <Filter Include="02.GameObejct\Effect\Explosion">
      <UniqueIdentifier>{77edfa5d-4213-474c-a19e-7028f77c8138}</UniqueIdentifier>
    </Filter>
    <Filter Include="02.GameObejct\Effect\Machinegun">
      <UniqueIdentifier>{df07d384-62dd-4041-b9e6-df2e3e09fabe}</UniqueIdentifier>
    </Filter>
    <Filter Include="02.GameObejct\Player\Top\State\Attack\Bomb">
      <UniqueIdentifier>{c9151e79-7db9-4a16-be8f-1c43135e1124}</UniqueIdentifier>
    </Filter>
    <Filter Include="02.GameObejct\Player\Top\State\Attack\Machinegun">
      <UniqueIdentifier>{10d275ae-fba5-48b8-8395-83076d5c3565}</UniqueIdentifier>
    </Filter>
    <Filter Include="02.GameObejct\Bullet\Bomb">
      <UniqueIdentifier>{992706c1-6afb-4a56-bb1b-5d553ca322e9}</UniqueIdentifier>
    </Filter>
    <Filter Include="02.GameObejct\Monster\Soldier">
      <UniqueIdentifier>{64523efb-60a2-457c-a395-ddc4aa0dbd28}</UniqueIdentifier>
    </Filter>
    <Filter Include="02.GameObejct\Player\Bottom\State\Attack">
      <UniqueIdentifier>{2edb2271-ecff-4cfc-88d8-527c42328a39}</UniqueIdentifier>
    </Filter>
    <Filter Include="02.GameObejct\Player\Bottom\State\Attack\Gun">
      <UniqueIdentifier>{c90b504c-bcdb-4210-a697-05243da4bbcd}</UniqueIdentifier>
    </Filter>
    <Filter Include="02.GameObejct\Player\Bottom\State\Attack\Knife">
      <UniqueIdentifier>{1d182cb2-104d-4314-9bc6-accf6cd80b81}</UniqueIdentifier>
    </Filter>
    <Filter Include="02.GameObejct\Player\Bottom\State\Attack\Bomb">
      <UniqueIdentifier>{209d1ff1-2775-4f84-96cc-85dfcb714482}</UniqueIdentifier>
    </Filter>
    <Filter Include="02.GameObejct\Monster\Soldier\State">
      <UniqueIdentifier>{aadb9dfb-f8d5-4c1a-8fc4-b23a278e51e0}</UniqueIdentifier>
    </Filter>
    <Filter Include="02.GameObejct\Effect\Blood">
      <UniqueIdentifier>{eb1f2bdf-897d-4401-a496-e15376fb68fa}</UniqueIdentifier>
    </Filter>
    <Filter Include="02.GameObejct\Bullet\Knife">
      <UniqueIdentifier>{5524ffd9-14ad-41d9-81d8-4e2b903822c0}</UniqueIdentifier>
    </Filter>
    <Filter Include="02.GameObejct\Monster\Tank">
      <UniqueIdentifier>{ba7f4c2b-ddf7-4590-a5af-99bef9066927}</UniqueIdentifier>
    </Filter>
    <Filter Include="02.GameObejct\Monster\Tank\State">
      <UniqueIdentifier>{8ccf712c-d6e8-4d6e-91d6-454ee2039d5f}</UniqueIdentifier>
    </Filter>
    <Filter Include="02.GameObejct\Bullet\Tank">
      <UniqueIdentifier>{8af88c1d-3502-4746-95f8-3964a84e8b6b}</UniqueIdentifier>
    </Filter>
    <Filter Include="02.GameObejct\Effect\Tank">
      <UniqueIdentifier>{0f74983a-fa4c-4606-8a78-ab0d4509e52e}</UniqueIdentifier>
    </Filter>
    <Filter Include="02.GameObejct\Monster\Toma">
      <UniqueIdentifier>{cc82ab84-d96f-41fd-86b6-bed063427484}</UniqueIdentifier>
    </Filter>
    <Filter Include="02.GameObejct\Monster\Sarubia">
      <UniqueIdentifier>{c25b1af9-0931-45cd-92ea-18d846f9a5c7}</UniqueIdentifier>
    </Filter>
    <Filter Include="02.GameObejct\Monster\Toma\State">
      <UniqueIdentifier>{8d1c8229-77fe-434d-9c0c-7cc3d39f8b2f}</UniqueIdentifier>
    </Filter>
    <Filter Include="02.GameObejct\Monster\Sarubia\State">
      <UniqueIdentifier>{61e8e842-d256-4de4-9c3f-7e341aa219f3}</UniqueIdentifier>
    </Filter>
    <Filter Include="02.GameObejct\Bullet\Toma">
      <UniqueIdentifier>{8587f3d1-6b15-4c25-bd52-a22a5f5afc8a}</UniqueIdentifier>
    </Filter>
    <Filter Include="02.GameObejct\Bullet\Saru">
      <UniqueIdentifier>{89cfa085-a7dd-456a-81ab-753a4f6dad28}</UniqueIdentifier>
    </Filter>
    <Filter Include="02.GameObejct\Effect\Saru">
      <UniqueIdentifier>{51967b90-dce1-4f7d-8373-141df82aed82}</UniqueIdentifier>
    </Filter>
    <Filter Include="02.GameObejct\Slug">
      <UniqueIdentifier>{06a423b1-a934-41ae-b691-a9d706fd5a8d}</UniqueIdentifier>
    </Filter>
    <Filter Include="02.GameObejct\Slug\State">
      <UniqueIdentifier>{27154826-fc5b-48fb-908f-61886083caff}</UniqueIdentifier>
    </Filter>
    <Filter Include="02.GameObejct\Bullet\CamelCannon">
      <UniqueIdentifier>{4080467a-5002-4c89-b531-7fa553e5274f}</UniqueIdentifier>
    </Filter>
    <Filter Include="02.GameObejct\Monster\Boss">
      <UniqueIdentifier>{b1fe811d-c1c1-425a-94ab-655caefefd3f}</UniqueIdentifier>
    </Filter>
    <Filter Include="02.GameObejct\Monster\Boss\Parts">
      <UniqueIdentifier>{bce7c15a-477e-4f35-8a3c-f157e3ad03b2}</UniqueIdentifier>
    </Filter>
    <Filter Include="02.GameObejct\Monster\Boss\Parts\Left">
      <UniqueIdentifier>{f548bf2c-2014-4c95-a06d-2a83ca00ad31}</UniqueIdentifier>
    </Filter>
    <Filter Include="02.GameObejct\Monster\Boss\Parts\Right">
      <UniqueIdentifier>{36d82b2d-c1d1-4923-942a-ffc8c61a4d2d}</UniqueIdentifier>
    </Filter>
    <Filter Include="02.GameObejct\Monster\Boss\Parts\Boost">
      <UniqueIdentifier>{8eab5431-ded4-4903-99f8-ad10be6dbb3c}</UniqueIdentifier>
    </Filter>
    <Filter Include="02.GameObejct\Monster\Boss\Parts\Fire">
      <UniqueIdentifier>{235d3f4b-2251-4359-9bf6-8ae02d2f178d}</UniqueIdentifier>
    </Filter>
    <Filter Include="02.GameObejct\Monster\Boss\Parts\Pro">
      <UniqueIdentifier>{642cf6b5-c864-4d4d-b977-906ed6274641}</UniqueIdentifier>
    </Filter>
    <Filter Include="02.GameObejct\Monster\Boss\Parts\Smog">
      <UniqueIdentifier>{260ef881-4185-44fa-b034-9aed132f8bac}</UniqueIdentifier>
    </Filter>
    <Filter Include="02.GameObejct\Monster\Boss\State">
      <UniqueIdentifier>{60b8af4d-c484-46ae-8d1b-8c165e8970d9}</UniqueIdentifier>
    </Filter>
    <Filter Include="02.GameObejct\Bullet\Boss">
      <UniqueIdentifier>{9ca96c3b-135a-4c6f-a31c-f315be899a16}</UniqueIdentifier>
    </Filter>
    <Filter Include="02.GameObejct\Background\Deco">
      <UniqueIdentifier>{e4620cca-33c4-49be-bd3c-357f9ee7a4df}</UniqueIdentifier>
    </Filter>
    <Filter Include="02.GameObejct\Background\Deco\Sprite">
      <UniqueIdentifier>{cb170e9b-1353-441a-a8e7-fd7a639d54eb}</UniqueIdentifier>
    </Filter>
    <Filter Include="02.GameObejct\Background\Deco\Static">
      <UniqueIdentifier>{8ef191f0-cc40-47c4-b0f6-85d13e043dbc}</UniqueIdentifier>
    </Filter>
    <Filter Include="99.Default">
      <UniqueIdentifier>{f946c6b5-4bd8-4718-a175-e8298d1c83d0}</UniqueIdentifier>
    </Filter>
    <Filter Include="99.Default\리소스 파일">
      <UniqueIdentifier>{67DA6AB6-F800-4c08-8B7A-83BB121AAD01}</UniqueIdentifier>
      <Extensions>rc;ico;cur;bmp;dlg;rc2;rct;bin;rgs;gif;jpg;jpeg;jpe;resx;tiff;tif;png;wav;mfcribbon-ms</Extensions>
    </Filter>
    <Filter Include="99.Default\소스 파일">
      <UniqueIdentifier>{4FC737F1-C7A5-4376-A066-2A32D752A2FF}</UniqueIdentifier>
      <Extensions>cpp;c;cc;cxx;def;odl;idl;hpj;bat;asm;asmx</Extensions>
    </Filter>
    <Filter Include="99.Default\헤더 파일">
      <UniqueIdentifier>{93995380-89BD-4b04-88EB-625FBE52EBFB}</UniqueIdentifier>
      <Extensions>h;hh;hpp;hxx;hm;inl;inc;ipp;xsd</Extensions>
    </Filter>
    <Filter Include="97.Manager\Mouse">
      <UniqueIdentifier>{2c0d7c2f-c87b-4ac5-8c8b-d5b97a82113c}</UniqueIdentifier>
    </Filter>
    <Filter Include="02.GameObejct\Tool">
      <UniqueIdentifier>{b5d988d8-b1f4-44b5-b211-a53aaa50e2f9}</UniqueIdentifier>
    </Filter>
    <Filter Include="02.GameObejct\NPC">
      <UniqueIdentifier>{4dcfe1af-859b-42e5-8cd1-0a3e4e097bb8}</UniqueIdentifier>
    </Filter>
    <Filter Include="02.GameObejct\NPC\State">
      <UniqueIdentifier>{d0c2ac0b-afe5-41ac-88c7-af3603a5811b}</UniqueIdentifier>
    </Filter>
    <Filter Include="02.GameObejct\Item">
      <UniqueIdentifier>{b4a0167f-7172-4a7d-9989-a9581ad93810}</UniqueIdentifier>
    </Filter>
    <Filter Include="02.GameObejct\Select">
      <UniqueIdentifier>{a41b9bbe-3e02-4b9b-9e48-5acf575e96c0}</UniqueIdentifier>
    </Filter>
    <Filter Include="02.GameObejct\Select\Characters">
      <UniqueIdentifier>{81f02a8e-2a8b-4d53-b709-6658a37a67a3}</UniqueIdentifier>
    </Filter>
    <Filter Include="02.GameObejct\Select\UI">
      <UniqueIdentifier>{ba134174-a0e0-42f7-a331-9306c6f01a7d}</UniqueIdentifier>
    </Filter>
    <Filter Include="02.GameObejct\Select\Slot">
      <UniqueIdentifier>{1298a42f-56e8-47a4-9357-8261abc90cb3}</UniqueIdentifier>
    </Filter>
    <Filter Include="02.GameObejct\UI\Number">
      <UniqueIdentifier>{f926cd2f-4570-4826-a857-8d61f080a122}</UniqueIdentifier>
    </Filter>
    <Filter Include="02.GameObejct\UI\Stage">
      <UniqueIdentifier>{42909e6c-94c6-41fd-94f6-583d11796c17}</UniqueIdentifier>
    </Filter>
    <Filter Include="97.Manager\Sound">
      <UniqueIdentifier>{be9011cd-b34f-4afc-afa7-571941c4500a}</UniqueIdentifier>
    </Filter>
    <Filter Include="02.GameObejct\UI\Fade">
      <UniqueIdentifier>{1b15db98-210d-4f55-8835-41f6d32d00b9}</UniqueIdentifier>
    </Filter>
    <Filter Include="03.Scene\03.Tool">
      <UniqueIdentifier>{2ea16d40-637a-4c19-9e13-02ed170366a9}</UniqueIdentifier>
    </Filter>
    <Filter Include="03.Scene\03.Stage">
      <UniqueIdentifier>{a5af4fd2-3678-4e41-8850-4e25584b8b45}</UniqueIdentifier>
    </Filter>
    <Filter Include="03.Scene\02.Select">
      <UniqueIdentifier>{2e664698-8822-4b04-9195-fcd2322ded44}</UniqueIdentifier>
    </Filter>
    <Filter Include="03.Scene\01.MainMenu">
      <UniqueIdentifier>{d08c9438-3add-44b7-9522-f75c48464796}</UniqueIdentifier>
    </Filter>
    <Filter Include="03.Scene\04.Credit">
      <UniqueIdentifier>{21e86da1-9e25-4af9-80bb-bc6b087463e0}</UniqueIdentifier>
    </Filter>
    <Filter Include="03.Scene\00.Logo">
      <UniqueIdentifier>{670b706e-6d68-469f-815b-f13a9375a951}</UniqueIdentifier>
    </Filter>
    <Filter Include="03.Scene\03.Stage\Test">
      <UniqueIdentifier>{f3822096-335b-4fa3-862e-6166f5c067dc}</UniqueIdentifier>
    </Filter>
    <Filter Include="03.Scene\03.Stage\StateScene">
      <UniqueIdentifier>{e6082789-db19-454e-aff8-c7e58a655e19}</UniqueIdentifier>
    </Filter>
  </ItemGroup>
  <ItemGroup>
    <ClInclude Include="framework.h">
      <Filter>99.Default\헤더 파일</Filter>
    </ClInclude>
    <ClInclude Include="targetver.h">
      <Filter>99.Default\헤더 파일</Filter>
    </ClInclude>
    <ClInclude Include="Resource.h">
      <Filter>99.Default\헤더 파일</Filter>
    </ClInclude>
    <ClInclude Include="Project_Beom.h">
      <Filter>99.Default\헤더 파일</Filter>
    </ClInclude>
    <ClInclude Include="pch.h">
      <Filter>99.Default\헤더 파일</Filter>
    </ClInclude>
    <ClInclude Include="Constant.h">
      <Filter>98.Headers</Filter>
    </ClInclude>
    <ClInclude Include="Define.h">
      <Filter>98.Headers</Filter>
    </ClInclude>
    <ClInclude Include="Enum.h">
      <Filter>98.Headers</Filter>
    </ClInclude>
    <ClInclude Include="Extern.h">
      <Filter>98.Headers</Filter>
    </ClInclude>
    <ClInclude Include="Macro.h">
      <Filter>98.Headers</Filter>
    </ClInclude>
    <ClInclude Include="Math.h">
      <Filter>98.Headers</Filter>
    </ClInclude>
    <ClInclude Include="Struct.h">
      <Filter>98.Headers</Filter>
    </ClInclude>
    <ClInclude Include="GameObject.h">
      <Filter>02.GameObejct</Filter>
    </ClInclude>
    <ClInclude Include="AbstractFactory.h">
      <Filter>97.Manager\AbstractFactory</Filter>
    </ClInclude>
    <ClInclude Include="CameraManager.h">
      <Filter>97.Manager\Camera</Filter>
    </ClInclude>
    <ClInclude Include="CollisionManager.h">
      <Filter>97.Manager\Collision</Filter>
    </ClInclude>
    <ClInclude Include="ObjectManager.h">
      <Filter>97.Manager\Object</Filter>
    </ClInclude>
    <ClInclude Include="SceneManager.h">
      <Filter>97.Manager\Scene</Filter>
    </ClInclude>
    <ClInclude Include="FileManager.h">
      <Filter>97.Manager\File</Filter>
    </ClInclude>
    <ClInclude Include="Frame.h">
      <Filter>97.Manager\Frame</Filter>
    </ClInclude>
    <ClInclude Include="FrameManager.h">
      <Filter>97.Manager\Frame</Filter>
    </ClInclude>
    <ClInclude Include="GdiImage.h">
      <Filter>97.Manager\Gdi</Filter>
    </ClInclude>
    <ClInclude Include="GdiManager.h">
      <Filter>97.Manager\Gdi</Filter>
    </ClInclude>
    <ClInclude Include="KeyManager.h">
      <Filter>97.Manager\Key</Filter>
    </ClInclude>
    <ClInclude Include="Timer.h">
      <Filter>97.Manager\Timer</Filter>
    </ClInclude>
    <ClInclude Include="TimerManager.h">
      <Filter>97.Manager\Timer</Filter>
    </ClInclude>
    <ClInclude Include="System.h">
      <Filter>00.System</Filter>
    </ClInclude>
    <ClInclude Include="Maingame.h">
      <Filter>01.Maingame</Filter>
    </ClInclude>
    <ClInclude Include="GdiPlusImage.h">
      <Filter>97.Manager\GdiPlus</Filter>
    </ClInclude>
    <ClInclude Include="GdiPlusManager.h">
      <Filter>97.Manager\GdiPlus</Filter>
    </ClInclude>
    <ClInclude Include="Player.h">
      <Filter>02.GameObejct\Player</Filter>
    </ClInclude>
    <ClInclude Include="Background.h">
      <Filter>02.GameObejct\Background</Filter>
    </ClInclude>
    <ClInclude Include="State.h">
      <Filter>02.GameObejct\State</Filter>
    </ClInclude>
    <ClInclude Include="PlayerBottom.h">
      <Filter>02.GameObejct\Player\Bottom</Filter>
    </ClInclude>
    <ClInclude Include="PlayerTop.h">
      <Filter>02.GameObejct\Player\Top</Filter>
    </ClInclude>
    <ClInclude Include="PlayerBottomStandState.h">
      <Filter>02.GameObejct\Player\Bottom\State</Filter>
    </ClInclude>
    <ClInclude Include="PlayerTopDownMoveState.h">
      <Filter>02.GameObejct\Player\Top\State\Movement\Down\DownMove</Filter>
    </ClInclude>
    <ClInclude Include="PlayerTopDownState.h">
      <Filter>02.GameObejct\Player\Top\State\Movement\Down</Filter>
    </ClInclude>
    <ClInclude Include="PlayerTopJumpState.h">
      <Filter>02.GameObejct\Player\Top\State\Movement\Jump</Filter>
    </ClInclude>
    <ClInclude Include="PlayerTopJumpRunState.h">
      <Filter>02.GameObejct\Player\Top\State\Movement\Jump\Run</Filter>
    </ClInclude>
    <ClInclude Include="PlayerTopRunState.h">
      <Filter>02.GameObejct\Player\Top\State\Movement\Run</Filter>
    </ClInclude>
    <ClInclude Include="PlayerTopUnderState.h">
      <Filter>02.GameObejct\Player\Top\State\Movement\Under</Filter>
    </ClInclude>
    <ClInclude Include="PlayerTopUpState.h">
      <Filter>02.GameObejct\Player\Top\State\Movement\Up</Filter>
    </ClInclude>
    <ClInclude Include="PlayerTopStandState.h">
      <Filter>02.GameObejct\Player\Top\State</Filter>
    </ClInclude>
    <ClInclude Include="PlayerBottomRunState.h">
      <Filter>02.GameObejct\Player\Bottom\State\Run</Filter>
    </ClInclude>
    <ClInclude Include="PlayerBottomJumpState.h">
      <Filter>02.GameObejct\Player\Bottom\State\Jump</Filter>
    </ClInclude>
    <ClInclude Include="PlayerBottomJumpRunState.h">
      <Filter>02.GameObejct\Player\Bottom\State\Jump\Run</Filter>
    </ClInclude>
    <ClInclude Include="PlayerBottomDownState.h">
      <Filter>02.GameObejct\Player\Bottom\State\Down</Filter>
    </ClInclude>
    <ClInclude Include="PlayerBottomDownMoveState.h">
      <Filter>02.GameObejct\Player\Bottom\State\Down\Move</Filter>
    </ClInclude>
    <ClInclude Include="PlayerTopJumpAttState.h">
      <Filter>02.GameObejct\Player\Top\State\Attack\Gun</Filter>
    </ClInclude>
    <ClInclude Include="PlayerTopStandAttState.h">
      <Filter>02.GameObejct\Player\Top\State\Attack\Gun</Filter>
    </ClInclude>
    <ClInclude Include="PlayerTopUnderAttState.h">
      <Filter>02.GameObejct\Player\Top\State\Attack\Gun</Filter>
    </ClInclude>
    <ClInclude Include="PlayerTopUpAttState.h">
      <Filter>02.GameObejct\Player\Top\State\Attack\Gun</Filter>
    </ClInclude>
    <ClInclude Include="PlayerBottomDownAttState.h">
      <Filter>02.GameObejct\Player\Bottom\State\Attack\Gun</Filter>
    </ClInclude>
    <ClInclude Include="PlayerTopRunJumpAttState.h">
      <Filter>02.GameObejct\Player\Top\State\Attack\Gun</Filter>
    </ClInclude>
    <ClInclude Include="PistolBullet.h">
      <Filter>02.GameObejct\Bullet\Pistol</Filter>
    </ClInclude>
    <ClInclude Include="PistolEffect.h">
      <Filter>02.GameObejct\Effect\Pistol</Filter>
    </ClInclude>
    <ClInclude Include="MachinegunBullet.h">
      <Filter>02.GameObejct\Bullet\Machinegun</Filter>
    </ClInclude>
    <ClInclude Include="MediumExplosion.h">
      <Filter>02.GameObejct\Effect\Explosion</Filter>
    </ClInclude>
    <ClInclude Include="BigExplosion.h">
      <Filter>02.GameObejct\Effect\Explosion</Filter>
    </ClInclude>
    <ClInclude Include="GranadeExplosion.h">
      <Filter>02.GameObejct\Effect\Explosion</Filter>
    </ClInclude>
    <ClInclude Include="MachinegunEffect.h">
      <Filter>02.GameObejct\Effect\Machinegun</Filter>
    </ClInclude>
    <ClInclude Include="PlayerTopKnifeAttState.h">
      <Filter>02.GameObejct\Player\Top\State\Attack\Knife</Filter>
    </ClInclude>
    <ClInclude Include="PlayerBottomKnifeAttState.h">
      <Filter>02.GameObejct\Player\Bottom\State\Attack\Knife</Filter>
    </ClInclude>
    <ClInclude Include="PlayerTopBombAttState.h">
      <Filter>02.GameObejct\Player\Top\State\Attack\Bomb</Filter>
    </ClInclude>
    <ClInclude Include="PlayerTopJumpBombAttState.h">
      <Filter>02.GameObejct\Player\Top\State\Attack\Bomb</Filter>
    </ClInclude>
    <ClInclude Include="PlayerTopDiagonalDownToStandState.h">
      <Filter>02.GameObejct\Player\Top\State\Attack\Machinegun</Filter>
    </ClInclude>
    <ClInclude Include="PlayerTopDiagonalStandToDownState.h">
      <Filter>02.GameObejct\Player\Top\State\Attack\Machinegun</Filter>
    </ClInclude>
    <ClInclude Include="PlayerTopDiagonalStandToUpState.h">
      <Filter>02.GameObejct\Player\Top\State\Attack\Machinegun</Filter>
    </ClInclude>
    <ClInclude Include="PlayerTopDiagonalUpToStandState.h">
      <Filter>02.GameObejct\Player\Top\State\Attack\Machinegun</Filter>
    </ClInclude>
    <ClInclude Include="PlayerBottomBombAttState.h">
      <Filter>02.GameObejct\Player\Bottom\State\Attack\Bomb</Filter>
    </ClInclude>
    <ClInclude Include="Bomb.h">
      <Filter>02.GameObejct\Bullet\Bomb</Filter>
    </ClInclude>
    <ClInclude Include="Soldier.h">
      <Filter>02.GameObejct\Monster\Soldier</Filter>
    </ClInclude>
    <ClInclude Include="SoldierIdleState.h">
      <Filter>02.GameObejct\Monster\Soldier\State</Filter>
    </ClInclude>
    <ClInclude Include="SoldierBombAttState.h">
      <Filter>02.GameObejct\Monster\Soldier\State</Filter>
    </ClInclude>
    <ClInclude Include="SoldierDieState.h">
      <Filter>02.GameObejct\Monster\Soldier\State</Filter>
    </ClInclude>
    <ClInclude Include="SoldierKnifeState.h">
      <Filter>02.GameObejct\Monster\Soldier\State</Filter>
    </ClInclude>
    <ClInclude Include="SoldierRunState.h">
      <Filter>02.GameObejct\Monster\Soldier\State</Filter>
    </ClInclude>
    <ClInclude Include="SoldierBomb.h">
      <Filter>02.GameObejct\Bullet\Bomb</Filter>
    </ClInclude>
    <ClInclude Include="Blood.h">
      <Filter>02.GameObejct\Effect\Blood</Filter>
    </ClInclude>
    <ClInclude Include="KnifeBullet.h">
      <Filter>02.GameObejct\Bullet\Knife</Filter>
    </ClInclude>
    <ClInclude Include="Tank.h">
      <Filter>02.GameObejct\Monster\Tank</Filter>
    </ClInclude>
    <ClInclude Include="TankDieState.h">
      <Filter>02.GameObejct\Monster\Tank\State</Filter>
    </ClInclude>
    <ClInclude Include="TankIdleState.h">
      <Filter>02.GameObejct\Monster\Tank\State</Filter>
    </ClInclude>
    <ClInclude Include="TankPrepareState.h">
      <Filter>02.GameObejct\Monster\Tank\State</Filter>
    </ClInclude>
    <ClInclude Include="TankRunState.h">
      <Filter>02.GameObejct\Monster\Tank\State</Filter>
    </ClInclude>
    <ClInclude Include="TankAttState.h">
      <Filter>02.GameObejct\Monster\Tank\State</Filter>
    </ClInclude>
    <ClInclude Include="TankBullet.h">
      <Filter>02.GameObejct\Bullet\Tank</Filter>
    </ClInclude>
    <ClInclude Include="TankEffect.h">
      <Filter>02.GameObejct\Effect\Tank</Filter>
    </ClInclude>
    <ClInclude Include="Explosion.h">
      <Filter>02.GameObejct\Effect\Explosion</Filter>
    </ClInclude>
    <ClInclude Include="Toma.h">
      <Filter>02.GameObejct\Monster\Toma</Filter>
    </ClInclude>
    <ClInclude Include="TomaRunState.h">
      <Filter>02.GameObejct\Monster\Toma\State</Filter>
    </ClInclude>
    <ClInclude Include="TomaAttState.h">
      <Filter>02.GameObejct\Monster\Toma\State</Filter>
    </ClInclude>
    <ClInclude Include="TomaIdleState.h">
      <Filter>02.GameObejct\Monster\Toma\State</Filter>
    </ClInclude>
    <ClInclude Include="Sarubia.h">
      <Filter>02.GameObejct\Monster\Sarubia</Filter>
    </ClInclude>
    <ClInclude Include="SarubiaRunState.h">
      <Filter>02.GameObejct\Monster\Sarubia\State</Filter>
    </ClInclude>
    <ClInclude Include="SarubiaIdleState.h">
      <Filter>02.GameObejct\Monster\Sarubia\State</Filter>
    </ClInclude>
    <ClInclude Include="SarubiaAttState.h">
      <Filter>02.GameObejct\Monster\Sarubia\State</Filter>
    </ClInclude>
    <ClInclude Include="TomaBullet.h">
      <Filter>02.GameObejct\Bullet\Toma</Filter>
    </ClInclude>
    <ClInclude Include="SaruBullet.h">
      <Filter>02.GameObejct\Bullet\Saru</Filter>
    </ClInclude>
    <ClInclude Include="SaruExplosion.h">
      <Filter>02.GameObejct\Effect\Explosion</Filter>
    </ClInclude>
    <ClInclude Include="SaruChip.h">
      <Filter>02.GameObejct\Effect\Saru</Filter>
    </ClInclude>
    <ClInclude Include="SarubiaDieState.h">
      <Filter>02.GameObejct\Monster\Sarubia\State</Filter>
    </ClInclude>
    <ClInclude Include="CamelCannon.h">
      <Filter>02.GameObejct\Slug</Filter>
    </ClInclude>
    <ClInclude Include="Camel.h">
      <Filter>02.GameObejct\Slug</Filter>
    </ClInclude>
    <ClInclude Include="CamelRunState.h">
      <Filter>02.GameObejct\Slug\State</Filter>
    </ClInclude>
    <ClInclude Include="CamelRestState.h">
      <Filter>02.GameObejct\Slug\State</Filter>
    </ClInclude>
    <ClInclude Include="CamelIdleState.h">
      <Filter>02.GameObejct\Slug\State</Filter>
    </ClInclude>
    <ClInclude Include="CamelCannonBullet.h">
      <Filter>02.GameObejct\Bullet\CamelCannon</Filter>
    </ClInclude>
    <ClInclude Include="Boss.h">
      <Filter>02.GameObejct\Monster\Boss</Filter>
    </ClInclude>
    <ClInclude Include="RightWing.h">
      <Filter>02.GameObejct\Monster\Boss\Parts\Right</Filter>
    </ClInclude>
    <ClInclude Include="LeftWing.h">
      <Filter>02.GameObejct\Monster\Boss\Parts\Left</Filter>
    </ClInclude>
    <ClInclude Include="Boost.h">
      <Filter>02.GameObejct\Monster\Boss\Parts\Boost</Filter>
    </ClInclude>
    <ClInclude Include="Fire.h">
      <Filter>02.GameObejct\Monster\Boss\Parts\Fire</Filter>
    </ClInclude>
    <ClInclude Include="Pro.h">
      <Filter>02.GameObejct\Monster\Boss\Parts\Pro</Filter>
    </ClInclude>
    <ClInclude Include="Smog.h">
      <Filter>02.GameObejct\Monster\Boss\Parts\Smog</Filter>
    </ClInclude>
    <ClInclude Include="BossPrepareState.h">
      <Filter>02.GameObejct\Monster\Boss\State</Filter>
    </ClInclude>
    <ClInclude Include="BossIdleState.h">
      <Filter>02.GameObejct\Monster\Boss\State</Filter>
    </ClInclude>
    <ClInclude Include="BossDieState.h">
      <Filter>02.GameObejct\Monster\Boss\State</Filter>
    </ClInclude>
    <ClInclude Include="BossAttState.h">
      <Filter>02.GameObejct\Monster\Boss\State</Filter>
    </ClInclude>
    <ClInclude Include="BossAttEndState.h">
      <Filter>02.GameObejct\Monster\Boss\State</Filter>
    </ClInclude>
    <ClInclude Include="FireCollider.h">
      <Filter>02.GameObejct\Bullet\Boss</Filter>
    </ClInclude>
    <ClInclude Include="SpriteDeco.h">
      <Filter>02.GameObejct\Background\Deco\Sprite</Filter>
    </ClInclude>
    <ClInclude Include="StaticDeco.h">
      <Filter>02.GameObejct\Background\Deco\Static</Filter>
    </ClInclude>
    <ClInclude Include="ToolScene.h">
      <Filter>03.Scene\03.Tool</Filter>
    </ClInclude>
    <ClInclude Include="MouseManager.h">
      <Filter>97.Manager\Mouse</Filter>
    </ClInclude>
    <ClInclude Include="DummyObject.h">
      <Filter>02.GameObejct\Tool</Filter>
    </ClInclude>
    <ClInclude Include="Prisoner.h">
      <Filter>02.GameObejct\NPC</Filter>
    </ClInclude>
    <ClInclude Include="PrisonerBindState.h">
      <Filter>02.GameObejct\NPC\State</Filter>
    </ClInclude>
    <ClInclude Include="PrisonerUndoState.h">
      <Filter>02.GameObejct\NPC\State</Filter>
    </ClInclude>
    <ClInclude Include="PrisonerRunState.h">
      <Filter>02.GameObejct\NPC\State</Filter>
    </ClInclude>
    <ClInclude Include="PrisonerRunoutState.h">
      <Filter>02.GameObejct\NPC\State</Filter>
    </ClInclude>
    <ClInclude Include="PrisonerByeState.h">
      <Filter>02.GameObejct\NPC\State</Filter>
    </ClInclude>
    <ClInclude Include="PrisonerItemState.h">
      <Filter>02.GameObejct\NPC\State</Filter>
    </ClInclude>
    <ClInclude Include="PrisonerFlyState.h">
      <Filter>02.GameObejct\NPC\State</Filter>
    </ClInclude>
    <ClInclude Include="Item.h">
      <Filter>02.GameObejct\Item</Filter>
    </ClInclude>
    <ClInclude Include="SelectScene.h">
      <Filter>03.Scene\02.Select</Filter>
    </ClInclude>
    <ClInclude Include="MainMenuScene.h">
      <Filter>03.Scene\01.MainMenu</Filter>
    </ClInclude>
    <ClInclude Include="Slot.h">
      <Filter>02.GameObejct\Select\Slot</Filter>
    </ClInclude>
    <ClInclude Include="Characters.h">
      <Filter>02.GameObejct\Select\Characters</Filter>
    </ClInclude>
    <ClInclude Include="SelectUI.h">
      <Filter>02.GameObejct\Select\UI</Filter>
    </ClInclude>
    <ClInclude Include="SelectScreen.h">
      <Filter>02.GameObejct\Select</Filter>
    </ClInclude>
    <ClInclude Include="StageUI.h">
      <Filter>02.GameObejct\UI\Stage</Filter>
    </ClInclude>
    <ClInclude Include="Number.h">
      <Filter>02.GameObejct\UI\Number</Filter>
    </ClInclude>
    <ClInclude Include="SoundManager.h">
      <Filter>97.Manager\Sound</Filter>
    </ClInclude>
    <ClInclude Include="Functor.h">
      <Filter>98.Headers</Filter>
    </ClInclude>
    <ClInclude Include="Scene.h">
      <Filter>03.Scene</Filter>
    </ClInclude>
    <ClInclude Include="Fade.h">
      <Filter>02.GameObejct\UI\Fade</Filter>
    </ClInclude>
    <ClInclude Include="CreditScene.h">
      <Filter>03.Scene\04.Credit</Filter>
    </ClInclude>
    <ClInclude Include="LogoScene.h">
      <Filter>03.Scene\00.Logo</Filter>
    </ClInclude>
    <ClInclude Include="TestScene.h">
      <Filter>03.Scene\03.Stage\Test</Filter>
    </ClInclude>
    <ClInclude Include="StageScene.h">
      <Filter>03.Scene\03.Stage\StateScene</Filter>
    </ClInclude>
  </ItemGroup>
  <ItemGroup>
    <ClCompile Include="Project_Beom.cpp">
      <Filter>99.Default\소스 파일</Filter>
    </ClCompile>
    <ClCompile Include="pch.cpp">
      <Filter>99.Default\소스 파일</Filter>
    </ClCompile>
    <ClCompile Include="GameObject.cpp">
      <Filter>02.GameObejct</Filter>
    </ClCompile>
    <ClCompile Include="CameraManager.cpp">
      <Filter>97.Manager\Camera</Filter>
    </ClCompile>
    <ClCompile Include="CollisionManager.cpp">
      <Filter>97.Manager\Collision</Filter>
    </ClCompile>
    <ClCompile Include="ObjectManager.cpp">
      <Filter>97.Manager\Object</Filter>
    </ClCompile>
    <ClCompile Include="SceneManager.cpp">
      <Filter>97.Manager\Scene</Filter>
    </ClCompile>
    <ClCompile Include="FileManager.cpp">
      <Filter>97.Manager\File</Filter>
    </ClCompile>
    <ClCompile Include="Frame.cpp">
      <Filter>97.Manager\Frame</Filter>
    </ClCompile>
    <ClCompile Include="FrameManager.cpp">
      <Filter>97.Manager\Frame</Filter>
    </ClCompile>
    <ClCompile Include="GdiImage.cpp">
      <Filter>97.Manager\Gdi</Filter>
    </ClCompile>
    <ClCompile Include="GdiManager.cpp">
      <Filter>97.Manager\Gdi</Filter>
    </ClCompile>
    <ClCompile Include="KeyManager.cpp">
      <Filter>97.Manager\Key</Filter>
    </ClCompile>
    <ClCompile Include="Timer.cpp">
      <Filter>97.Manager\Timer</Filter>
    </ClCompile>
    <ClCompile Include="TimerManager.cpp">
      <Filter>97.Manager\Timer</Filter>
    </ClCompile>
    <ClCompile Include="System.cpp">
      <Filter>00.System</Filter>
    </ClCompile>
    <ClCompile Include="Maingame.cpp">
      <Filter>01.Maingame</Filter>
    </ClCompile>
    <ClCompile Include="GdiPlusImage.cpp">
      <Filter>97.Manager\GdiPlus</Filter>
    </ClCompile>
    <ClCompile Include="GdiPlusManager.cpp">
      <Filter>97.Manager\GdiPlus</Filter>
    </ClCompile>
    <ClCompile Include="Player.cpp">
      <Filter>02.GameObejct\Player</Filter>
    </ClCompile>
    <ClCompile Include="Background.cpp">
      <Filter>02.GameObejct\Background</Filter>
    </ClCompile>
    <ClCompile Include="State.cpp">
      <Filter>02.GameObejct\State</Filter>
    </ClCompile>
    <ClCompile Include="PlayerBottom.cpp">
      <Filter>02.GameObejct\Player\Bottom</Filter>
    </ClCompile>
    <ClCompile Include="PlayerTop.cpp">
      <Filter>02.GameObejct\Player\Top</Filter>
    </ClCompile>
    <ClCompile Include="PlayerBottomStandState.cpp">
      <Filter>02.GameObejct\Player\Bottom\State</Filter>
    </ClCompile>
    <ClCompile Include="PlayerTopDownMoveState.cpp">
      <Filter>02.GameObejct\Player\Top\State\Movement\Down\DownMove</Filter>
    </ClCompile>
    <ClCompile Include="PlayerTopDownState.cpp">
      <Filter>02.GameObejct\Player\Top\State\Movement\Down</Filter>
    </ClCompile>
    <ClCompile Include="PlayerTopJumpState.cpp">
      <Filter>02.GameObejct\Player\Top\State\Movement\Jump</Filter>
    </ClCompile>
    <ClCompile Include="PlayerTopJumpRunState.cpp">
      <Filter>02.GameObejct\Player\Top\State\Movement\Jump\Run</Filter>
    </ClCompile>
    <ClCompile Include="PlayerTopRunState.cpp">
      <Filter>02.GameObejct\Player\Top\State\Movement\Run</Filter>
    </ClCompile>
    <ClCompile Include="PlayerTopUnderState.cpp">
      <Filter>02.GameObejct\Player\Top\State\Movement\Under</Filter>
    </ClCompile>
    <ClCompile Include="PlayerTopUpState.cpp">
      <Filter>02.GameObejct\Player\Top\State\Movement\Up</Filter>
    </ClCompile>
    <ClCompile Include="PlayerTopStandState.cpp">
      <Filter>02.GameObejct\Player\Top\State</Filter>
    </ClCompile>
    <ClCompile Include="PlayerBottomRunState.cpp">
      <Filter>02.GameObejct\Player\Bottom\State\Run</Filter>
    </ClCompile>
    <ClCompile Include="PlayerBottomJumpState.cpp">
      <Filter>02.GameObejct\Player\Bottom\State\Jump</Filter>
    </ClCompile>
    <ClCompile Include="PlayerBottomJumpRunState.cpp">
      <Filter>02.GameObejct\Player\Bottom\State\Jump\Run</Filter>
    </ClCompile>
    <ClCompile Include="PlayerBottomDownState.cpp">
      <Filter>02.GameObejct\Player\Bottom\State\Down</Filter>
    </ClCompile>
    <ClCompile Include="PlayerBottomDownMoveState.cpp">
      <Filter>02.GameObejct\Player\Bottom\State\Down\Move</Filter>
    </ClCompile>
    <ClCompile Include="PlayerTopJumpAttState.cpp">
      <Filter>02.GameObejct\Player\Top\State\Attack\Gun</Filter>
    </ClCompile>
    <ClCompile Include="PlayerTopStandAttState.cpp">
      <Filter>02.GameObejct\Player\Top\State\Attack\Gun</Filter>
    </ClCompile>
    <ClCompile Include="PlayerTopUnderAttState.cpp">
      <Filter>02.GameObejct\Player\Top\State\Attack\Gun</Filter>
    </ClCompile>
    <ClCompile Include="PlayerTopUpAttState.cpp">
      <Filter>02.GameObejct\Player\Top\State\Attack\Gun</Filter>
    </ClCompile>
    <ClCompile Include="PlayerBottomDownAttState.cpp">
      <Filter>02.GameObejct\Player\Bottom\State\Attack\Gun</Filter>
    </ClCompile>
    <ClCompile Include="PlayerTopRunJumpAttState.cpp">
      <Filter>02.GameObejct\Player\Top\State\Attack\Gun</Filter>
    </ClCompile>
    <ClCompile Include="PistolBullet.cpp">
      <Filter>02.GameObejct\Bullet\Pistol</Filter>
    </ClCompile>
    <ClCompile Include="PistolEffect.cpp">
      <Filter>02.GameObejct\Effect\Pistol</Filter>
    </ClCompile>
    <ClCompile Include="MachinegunBullet.cpp">
      <Filter>02.GameObejct\Bullet\Machinegun</Filter>
    </ClCompile>
    <ClCompile Include="MediumExplosion.cpp">
      <Filter>02.GameObejct\Effect\Explosion</Filter>
    </ClCompile>
    <ClCompile Include="BigExplosion.cpp">
      <Filter>02.GameObejct\Effect\Explosion</Filter>
    </ClCompile>
    <ClCompile Include="GranadeExplosion.cpp">
      <Filter>02.GameObejct\Effect\Explosion</Filter>
    </ClCompile>
    <ClCompile Include="MachinegunEffect.cpp">
      <Filter>02.GameObejct\Effect\Machinegun</Filter>
    </ClCompile>
    <ClCompile Include="PlayerTopKnifeAttState.cpp">
      <Filter>02.GameObejct\Player\Top\State\Attack\Knife</Filter>
    </ClCompile>
    <ClCompile Include="PlayerBottomKnifeAttState.cpp">
      <Filter>02.GameObejct\Player\Bottom\State\Attack\Knife</Filter>
    </ClCompile>
    <ClCompile Include="PlayerTopBombAttState.cpp">
      <Filter>02.GameObejct\Player\Top\State\Attack\Bomb</Filter>
    </ClCompile>
    <ClCompile Include="PlayerTopJumpBombAttState.cpp">
      <Filter>02.GameObejct\Player\Top\State\Attack\Bomb</Filter>
    </ClCompile>
    <ClCompile Include="PlayerTopDiagonalDownToStandState.cpp">
      <Filter>02.GameObejct\Player\Top\State\Attack\Machinegun</Filter>
    </ClCompile>
    <ClCompile Include="PlayerTopDiagonalStandToDownState.cpp">
      <Filter>02.GameObejct\Player\Top\State\Attack\Machinegun</Filter>
    </ClCompile>
    <ClCompile Include="PlayerTopDiagonalStandToUpState.cpp">
      <Filter>02.GameObejct\Player\Top\State\Attack\Machinegun</Filter>
    </ClCompile>
    <ClCompile Include="PlayerTopDiagonalUpToStandState.cpp">
      <Filter>02.GameObejct\Player\Top\State\Attack\Machinegun</Filter>
    </ClCompile>
    <ClCompile Include="PlayerBottomBombAttState.cpp">
      <Filter>02.GameObejct\Player\Bottom\State\Attack\Bomb</Filter>
    </ClCompile>
    <ClCompile Include="Bomb.cpp">
      <Filter>02.GameObejct\Bullet\Bomb</Filter>
    </ClCompile>
    <ClCompile Include="Soldier.cpp">
      <Filter>02.GameObejct\Monster\Soldier</Filter>
    </ClCompile>
    <ClCompile Include="SoldierIdleState.cpp">
      <Filter>02.GameObejct\Monster\Soldier\State</Filter>
    </ClCompile>
    <ClCompile Include="SoldierBombAttState.cpp">
      <Filter>02.GameObejct\Monster\Soldier\State</Filter>
    </ClCompile>
    <ClCompile Include="SoldierDieState.cpp">
      <Filter>02.GameObejct\Monster\Soldier\State</Filter>
    </ClCompile>
    <ClCompile Include="SoldierKnifeState.cpp">
      <Filter>02.GameObejct\Monster\Soldier\State</Filter>
    </ClCompile>
    <ClCompile Include="SoldierRunState.cpp">
      <Filter>02.GameObejct\Monster\Soldier\State</Filter>
    </ClCompile>
    <ClCompile Include="SoldierBomb.cpp">
      <Filter>02.GameObejct\Bullet\Bomb</Filter>
    </ClCompile>
    <ClCompile Include="Blood.cpp">
      <Filter>02.GameObejct\Effect\Blood</Filter>
    </ClCompile>
    <ClCompile Include="KnifeBullet.cpp">
      <Filter>02.GameObejct\Bullet\Knife</Filter>
    </ClCompile>
    <ClCompile Include="Tank.cpp">
      <Filter>02.GameObejct\Monster\Tank</Filter>
    </ClCompile>
    <ClCompile Include="TankDieState.cpp">
      <Filter>02.GameObejct\Monster\Tank\State</Filter>
    </ClCompile>
    <ClCompile Include="TankIdleState.cpp">
      <Filter>02.GameObejct\Monster\Tank\State</Filter>
    </ClCompile>
    <ClCompile Include="TankPrepareState.cpp">
      <Filter>02.GameObejct\Monster\Tank\State</Filter>
    </ClCompile>
    <ClCompile Include="TankRunState.cpp">
      <Filter>02.GameObejct\Monster\Tank\State</Filter>
    </ClCompile>
    <ClCompile Include="TankAttState.cpp">
      <Filter>02.GameObejct\Monster\Tank\State</Filter>
    </ClCompile>
    <ClCompile Include="TankBullet.cpp">
      <Filter>02.GameObejct\Bullet\Tank</Filter>
    </ClCompile>
    <ClCompile Include="TankEffect.cpp">
      <Filter>02.GameObejct\Effect\Tank</Filter>
    </ClCompile>
    <ClCompile Include="Explosion.cpp">
      <Filter>02.GameObejct\Effect\Explosion</Filter>
    </ClCompile>
    <ClCompile Include="Toma.cpp">
      <Filter>02.GameObejct\Monster\Toma</Filter>
    </ClCompile>
    <ClCompile Include="TomaRunState.cpp">
      <Filter>02.GameObejct\Monster\Toma\State</Filter>
    </ClCompile>
    <ClCompile Include="TomaIdleState.cpp">
      <Filter>02.GameObejct\Monster\Toma\State</Filter>
    </ClCompile>
    <ClCompile Include="TomaAttState.cpp">
      <Filter>02.GameObejct\Monster\Toma\State</Filter>
    </ClCompile>
    <ClCompile Include="Sarubia.cpp">
      <Filter>02.GameObejct\Monster\Sarubia</Filter>
    </ClCompile>
    <ClCompile Include="SarubiaRunState.cpp">
      <Filter>02.GameObejct\Monster\Sarubia\State</Filter>
    </ClCompile>
    <ClCompile Include="SarubiaIdleState.cpp">
      <Filter>02.GameObejct\Monster\Sarubia\State</Filter>
    </ClCompile>
    <ClCompile Include="SarubiaAttState.cpp">
      <Filter>02.GameObejct\Monster\Sarubia\State</Filter>
    </ClCompile>
    <ClCompile Include="TomaBullet.cpp">
      <Filter>02.GameObejct\Bullet\Toma</Filter>
    </ClCompile>
    <ClCompile Include="SaruBullet.cpp">
      <Filter>02.GameObejct\Bullet\Saru</Filter>
    </ClCompile>
    <ClCompile Include="SaruExplosion.cpp">
      <Filter>02.GameObejct\Effect\Explosion</Filter>
    </ClCompile>
    <ClCompile Include="SaruChip.cpp">
      <Filter>02.GameObejct\Effect\Saru</Filter>
    </ClCompile>
    <ClCompile Include="SarubiaDieState.cpp">
      <Filter>02.GameObejct\Monster\Sarubia\State</Filter>
    </ClCompile>
    <ClCompile Include="CamelCannon.cpp">
      <Filter>02.GameObejct\Slug</Filter>
    </ClCompile>
    <ClCompile Include="Camel.cpp">
      <Filter>02.GameObejct\Slug</Filter>
    </ClCompile>
    <ClCompile Include="CamelRunState.cpp">
      <Filter>02.GameObejct\Slug\State</Filter>
    </ClCompile>
    <ClCompile Include="CamelRestState.cpp">
      <Filter>02.GameObejct\Slug\State</Filter>
    </ClCompile>
    <ClCompile Include="CamelIdleState.cpp">
      <Filter>02.GameObejct\Slug\State</Filter>
    </ClCompile>
    <ClCompile Include="CamelCannonBullet.cpp">
      <Filter>02.GameObejct\Bullet\CamelCannon</Filter>
    </ClCompile>
    <ClCompile Include="Boss.cpp">
      <Filter>02.GameObejct\Monster\Boss</Filter>
    </ClCompile>
    <ClCompile Include="RightWing.cpp">
      <Filter>02.GameObejct\Monster\Boss\Parts\Right</Filter>
    </ClCompile>
    <ClCompile Include="LeftWing.cpp">
      <Filter>02.GameObejct\Monster\Boss\Parts\Left</Filter>
    </ClCompile>
    <ClCompile Include="Boost.cpp">
      <Filter>02.GameObejct\Monster\Boss\Parts\Boost</Filter>
    </ClCompile>
    <ClCompile Include="Fire.cpp">
      <Filter>02.GameObejct\Monster\Boss\Parts\Fire</Filter>
    </ClCompile>
    <ClCompile Include="Pro.cpp">
      <Filter>02.GameObejct\Monster\Boss\Parts\Pro</Filter>
    </ClCompile>
    <ClCompile Include="Smog.cpp">
      <Filter>02.GameObejct\Monster\Boss\Parts\Smog</Filter>
    </ClCompile>
    <ClCompile Include="BossPrepareState.cpp">
      <Filter>02.GameObejct\Monster\Boss\State</Filter>
    </ClCompile>
    <ClCompile Include="BossIdleState.cpp">
      <Filter>02.GameObejct\Monster\Boss\State</Filter>
    </ClCompile>
    <ClCompile Include="BossDieState.cpp">
      <Filter>02.GameObejct\Monster\Boss\State</Filter>
    </ClCompile>
    <ClCompile Include="BossAttState.cpp">
      <Filter>02.GameObejct\Monster\Boss\State</Filter>
    </ClCompile>
    <ClCompile Include="BossAttEndState.cpp">
      <Filter>02.GameObejct\Monster\Boss\State</Filter>
    </ClCompile>
    <ClCompile Include="FireCollider.cpp">
      <Filter>02.GameObejct\Bullet\Boss</Filter>
    </ClCompile>
    <ClCompile Include="SpriteDeco.cpp">
      <Filter>02.GameObejct\Background\Deco\Sprite</Filter>
    </ClCompile>
    <ClCompile Include="StaticDeco.cpp">
      <Filter>02.GameObejct\Background\Deco\Static</Filter>
    </ClCompile>
    <ClCompile Include="ToolScene.cpp">
      <Filter>03.Scene\03.Tool</Filter>
    </ClCompile>
    <ClCompile Include="MouseManager.cpp">
      <Filter>97.Manager\Mouse</Filter>
    </ClCompile>
    <ClCompile Include="DummyObject.cpp">
      <Filter>02.GameObejct\Tool</Filter>
    </ClCompile>
    <ClCompile Include="Prisoner.cpp">
      <Filter>02.GameObejct\NPC</Filter>
    </ClCompile>
    <ClCompile Include="PrisonerBindState.cpp">
      <Filter>02.GameObejct\NPC\State</Filter>
    </ClCompile>
    <ClCompile Include="PrisonerUndoState.cpp">
      <Filter>02.GameObejct\NPC\State</Filter>
    </ClCompile>
    <ClCompile Include="PrisonerRunState.cpp">
      <Filter>02.GameObejct\NPC\State</Filter>
    </ClCompile>
    <ClCompile Include="PrisonerRunoutState.cpp">
      <Filter>02.GameObejct\NPC\State</Filter>
    </ClCompile>
    <ClCompile Include="PrisonerByeState.cpp">
      <Filter>02.GameObejct\NPC\State</Filter>
    </ClCompile>
    <ClCompile Include="PrisonerItemState.cpp">
      <Filter>02.GameObejct\NPC\State</Filter>
    </ClCompile>
    <ClCompile Include="PrisonerFlyState.cpp">
      <Filter>02.GameObejct\NPC\State</Filter>
    </ClCompile>
    <ClCompile Include="Item.cpp">
      <Filter>02.GameObejct\Item</Filter>
    </ClCompile>
    <ClCompile Include="SelectScene.cpp">
      <Filter>03.Scene\02.Select</Filter>
    </ClCompile>
    <ClCompile Include="MainMenuScene.cpp">
      <Filter>03.Scene\01.MainMenu</Filter>
    </ClCompile>
    <ClCompile Include="Slot.cpp">
      <Filter>02.GameObejct\Select\Slot</Filter>
    </ClCompile>
    <ClCompile Include="Characters.cpp">
      <Filter>02.GameObejct\Select\Characters</Filter>
    </ClCompile>
    <ClCompile Include="SelectUI.cpp">
      <Filter>02.GameObejct\Select\UI</Filter>
    </ClCompile>
    <ClCompile Include="SelectScreen.cpp">
      <Filter>02.GameObejct\Select</Filter>
    </ClCompile>
    <ClCompile Include="StageUI.cpp">
      <Filter>02.GameObejct\UI\Stage</Filter>
    </ClCompile>
    <ClCompile Include="Number.cpp">
      <Filter>02.GameObejct\UI\Number</Filter>
    </ClCompile>
    <ClCompile Include="SoundManager.cpp">
      <Filter>97.Manager\Sound</Filter>
    </ClCompile>
    <ClCompile Include="Scene.cpp">
      <Filter>03.Scene</Filter>
    </ClCompile>
    <ClCompile Include="Fade.cpp">
      <Filter>02.GameObejct\UI\Fade</Filter>
    </ClCompile>
    <ClCompile Include="CreditScene.cpp">
      <Filter>03.Scene\04.Credit</Filter>
    </ClCompile>
    <ClCompile Include="LogoScene.cpp">
      <Filter>03.Scene\00.Logo</Filter>
    </ClCompile>
    <ClCompile Include="TestScene.cpp">
      <Filter>03.Scene\03.Stage\Test</Filter>
    </ClCompile>
    <ClCompile Include="StageScene.cpp">
      <Filter>03.Scene\03.Stage\StateScene</Filter>
    </ClCompile>
  </ItemGroup>
  <ItemGroup>
    <ResourceCompile Include="Project_Beom.rc">
      <Filter>99.Default\리소스 파일</Filter>
    </ResourceCompile>
  </ItemGroup>
  <ItemGroup>
    <Image Include="small.ico">
      <Filter>99.Default\리소스 파일</Filter>
    </Image>
    <Image Include="Project_Beom.ico">
      <Filter>99.Default\리소스 파일</Filter>
    </Image>
  </ItemGroup>
</Project>